Jinja2==3.1.6
MarkupSafe==3.0.3
PyYAML==6.0.3
Pygments==2.20.0
aiohappyeyeballs==2.7.1
aiohttp==3.14.3
aiosignal==1.4.0
annotated-doc==0.0.5
annotated-types==0.8.0
anyio==4.14.2
attrs==26.1.0
bitarray==3.10.1
certifi==2026.7.22
charset-normalizer==3.4.9
ckzg==2.1.8
click==8.4.2
cytoolz==1.1.0
detect-installer==0.1.0
dnspython==2.8.0
email-validator==2.3.0
eth-account==0.13.7
eth-hash==0.8.0
eth-keyfile==0.8.1
eth-keys==0.7.0
eth-rlp==2.2.0
eth-typing==6.0.0
eth-utils==6.0.0
eth_abi==5.2.0
fastapi-cli==0.0.32
fastapi-cloud-cli==0.23.0
fastapi==0.141.1
fastar==0.11.0
frozenlist==1.8.0
h11==0.16.0
hexbytes==1.3.1
httpcore==1.0.9
httptools==0.8.0
httpx==0.28.1
idna==3.18
markdown-it-py==4.2.0
mdurl==0.1.2
multidict==6.7.1
nest-asyncio==1.6.0
parsimonious==0.10.0
propcache==0.5.2
pycryptodome==3.23.0
pydantic-extra-types==2.11.1
pydantic-settings==2.15.0
pydantic==2.13.4
pydantic_core==2.46.4
python-dotenv==1.2.2
python-multipart==0.0.32
pyunormalize==17.0.0
regex==2026.7.19
requests==2.34.2
rich-toolkit==0.20.3
rich==15.0.0
rignore==0.8.1
rlp==4.1.0
sentry-sdk==2.66.1
shellingham==1.5.4
starlette==1.6.0
toolz==1.1.0
typer==0.27.1
types-requests==2.33.0.20260712
typing-inspection==0.4.2
typing_extensions==4.16.0
urllib3==2.7.0
uvicorn==0.52.1
uvloop==0.22.1
watchfiles==1.2.0
web3==7.16.0
websockets==15.0.1
x402==2.18.0
yarl==1.24.5
